# This file is automatically @generated by Cargo.
# It is not intended for manual editing.
version = 3

[[package]]
name = "hash-db"
version = "0.16.0"
source = "registry+https://github.com/rust-lang/crates.io-index"
checksum = "8e7d7786361d7425ae2fe4f9e407eb0efaa0840f5212d109cc018c40c35c6ab4"

[[package]]
name = "rust_trees"
version = "0.1.0"
dependencies = [
 "hash-db",
]
